
Microsoft Visual Studio Solution File, Format Version 12.00
Project("{FAE04EC0-301F-11D3-BF4B-00C04F79EFBC}") = "OrderPizzaWeb2", "OrderPizzaWeb2\OrderPizzaWeb2.csproj", "{5B780255-BD7B-4910-80D3-C20BBFD8B75F}"
EndProject
Project("{FAE04EC0-301F-11D3-BF4B-00C04F79EFBC}") = "PizzaWebUnitTests", "PizzaWebUnitTests\PizzaWebUnitTests.csproj", "{2A3679D2-5ABA-49E9-B190-7EF857320FED}"
EndProject
Global
	GlobalSection(SolutionConfigurationPlatforms) = preSolution
		Debug|Any CPU = Debug|Any CPU
		Release|Any CPU = Release|Any CPU
	EndGlobalSection
	GlobalSection(ProjectConfigurationPlatforms) = postSolution
		{5B780255-BD7B-4910-80D3-C20BBFD8B75F}.Debug|Any CPU.ActiveCfg = Debug|Any CPU
		{5B780255-BD7B-4910-80D3-C20BBFD8B75F}.Debug|Any CPU.Build.0 = Debug|Any CPU
		{5B780255-BD7B-4910-80D3-C20BBFD8B75F}.Release|Any CPU.ActiveCfg = Release|Any CPU
		{5B780255-BD7B-4910-80D3-C20BBFD8B75F}.Release|Any CPU.Build.0 = Release|Any CPU
		{2A3679D2-5ABA-49E9-B190-7EF857320FED}.Debug|Any CPU.ActiveCfg = Debug|Any CPU
		{2A3679D2-5ABA-49E9-B190-7EF857320FED}.Debug|Any CPU.Build.0 = Debug|Any CPU
		{2A3679D2-5ABA-49E9-B190-7EF857320FED}.Release|Any CPU.ActiveCfg = Release|Any CPU
		{2A3679D2-5ABA-49E9-B190-7EF857320FED}.Release|Any CPU.Build.0 = Release|Any CPU
	EndGlobalSection
EndGlobal
